# THIS IS AN AUTOGENERATED FILE. DO NOT EDIT THIS FILE DIRECTLY.
# yarn lockfile v1


"@noble/curves@^1.3.0":
  version "1.9.2"
  resolved "https://registry.npmjs.org/@noble/curves/-/curves-1.9.2.tgz"
  integrity sha512-HxngEd2XUcg9xi20JkwlLCtYwfoFw4JGkuZpT+WlsPD4gB/cxkvTD8fSsoAnphGZhFdZYKeQIPCuFlWPm1uE0g==
  dependencies:
    "@noble/hashes" "1.8.0"

"@noble/hashes@^1.3.1", "@noble/hashes@^1.3.3", "@noble/hashes@1.8.0":
  version "1.8.0"
  resolved "https://registry.npmjs.org/@noble/hashes/-/hashes-1.8.0.tgz"
  integrity sha512-jCs9ldd7NwzpgXDIf6P3+NrHh9/sD6CQdxHyjQI+h/6rDNo88ypBxxz45UDuZHz9r3tNz7N/VInSVoVdtXEI4A==

"@polkadot-api/json-rpc-provider-proxy@^0.1.0":
  version "0.1.0"
  resolved "https://registry.npmjs.org/@polkadot-api/json-rpc-provider-proxy/-/json-rpc-provider-proxy-0.1.0.tgz"
  integrity sha512-8GSFE5+EF73MCuLQm8tjrbCqlgclcHBSRaswvXziJ0ZW7iw3UEMsKkkKvELayWyBuOPa2T5i1nj6gFOeIsqvrg==

"@polkadot-api/json-rpc-provider@^0.0.1", "@polkadot-api/json-rpc-provider@0.0.1":
  version "0.0.1"
  resolved "https://registry.npmjs.org/@polkadot-api/json-rpc-provider/-/json-rpc-provider-0.0.1.tgz"
  integrity sha512-/SMC/l7foRjpykLTUTacIH05H3mr9ip8b5xxfwXlVezXrNVLp3Cv0GX6uItkKd+ZjzVPf3PFrDF2B2/HLSNESA==

"@polkadot-api/metadata-builders@0.3.2":
  version "0.3.2"
  resolved "https://registry.npmjs.org/@polkadot-api/metadata-builders/-/metadata-builders-0.3.2.tgz"
  integrity sha512-TKpfoT6vTb+513KDzMBTfCb/ORdgRnsS3TDFpOhAhZ08ikvK+hjHMt5plPiAX/OWkm1Wc9I3+K6W0hX5Ab7MVg==
  dependencies:
    "@polkadot-api/substrate-bindings" "0.6.0"
    "@polkadot-api/utils" "0.1.0"

"@polkadot-api/observable-client@^0.3.0":
  version "0.3.2"
  resolved "https://registry.npmjs.org/@polkadot-api/observable-client/-/observable-client-0.3.2.tgz"
  integrity sha512-HGgqWgEutVyOBXoGOPp4+IAq6CNdK/3MfQJmhCJb8YaJiaK4W6aRGrdQuQSTPHfERHCARt9BrOmEvTXAT257Ug==
  dependencies:
    "@polkadot-api/metadata-builders" "0.3.2"
    "@polkadot-api/substrate-bindings" "0.6.0"
    "@polkadot-api/utils" "0.1.0"

"@polkadot-api/substrate-bindings@0.6.0":
  version "0.6.0"
  resolved "https://registry.npmjs.org/@polkadot-api/substrate-bindings/-/substrate-bindings-0.6.0.tgz"
  integrity sha512-lGuhE74NA1/PqdN7fKFdE5C1gNYX357j1tWzdlPXI0kQ7h3kN0zfxNOpPUN7dIrPcOFZ6C0tRRVrBylXkI6xPw==
  dependencies:
    "@noble/hashes" "^1.3.1"
    "@polkadot-api/utils" "0.1.0"
    "@scure/base" "^1.1.1"
    scale-ts "^1.6.0"

"@polkadot-api/substrate-client@^0.1.2", "@polkadot-api/substrate-client@0.1.4":
  version "0.1.4"
  resolved "https://registry.npmjs.org/@polkadot-api/substrate-client/-/substrate-client-0.1.4.tgz"
  integrity sha512-MljrPobN0ZWTpn++da9vOvt+Ex+NlqTlr/XT7zi9sqPtDJiQcYl+d29hFAgpaeTqbeQKZwz3WDE9xcEfLE8c5A==
  dependencies:
    "@polkadot-api/json-rpc-provider" "0.0.1"
    "@polkadot-api/utils" "0.1.0"

"@polkadot-api/utils@0.1.0":
  version "0.1.0"
  resolved "https://registry.npmjs.org/@polkadot-api/utils/-/utils-0.1.0.tgz"
  integrity sha512-MXzWZeuGxKizPx2Xf/47wx9sr/uxKw39bVJUptTJdsaQn/TGq+z310mHzf1RCGvC1diHM8f593KrnDgc9oNbJA==

"@polkadot/api-augment@12.4.2":
  version "12.4.2"
  resolved "https://registry.npmjs.org/@polkadot/api-augment/-/api-augment-12.4.2.tgz"
  integrity sha512-BkG2tQpUUO0iUm65nSqP8hwHkNfN8jQw8apqflJNt9H8EkEL6v7sqwbLvGqtlxM9wzdxbg7lrWp3oHg4rOP31g==
  dependencies:
    "@polkadot/api-base" "12.4.2"
    "@polkadot/rpc-augment" "12.4.2"
    "@polkadot/types" "12.4.2"
    "@polkadot/types-augment" "12.4.2"
    "@polkadot/types-codec" "12.4.2"
    "@polkadot/util" "^13.0.2"
    tslib "^2.6.3"

"@polkadot/api-base@12.4.2":
  version "12.4.2"
  resolved "https://registry.npmjs.org/@polkadot/api-base/-/api-base-12.4.2.tgz"
  integrity sha512-XYI7Po8i6C4lYZah7Xo0v7zOAawBUfkmtx0YxsLY/665Sup8oqzEj666xtV9qjBzR9coNhQonIFOn+9fh27Ncw==
  dependencies:
    "@polkadot/rpc-core" "12.4.2"
    "@polkadot/types" "12.4.2"
    "@polkadot/util" "^13.0.2"
    rxjs "^7.8.1"
    tslib "^2.6.3"

"@polkadot/api-derive@12.4.2":
  version "12.4.2"
  resolved "https://registry.npmjs.org/@polkadot/api-derive/-/api-derive-12.4.2.tgz"
  integrity sha512-R0AMANEnqs5AiTaiQX2FXCxUlOibeDSgqlkyG1/0KDsdr6PO/l3dJOgEO+grgAwh4hdqzk4I9uQpdKxG83f2Gw==
  dependencies:
    "@polkadot/api" "12.4.2"
    "@polkadot/api-augment" "12.4.2"
    "@polkadot/api-base" "12.4.2"
    "@polkadot/rpc-core" "12.4.2"
    "@polkadot/types" "12.4.2"
    "@polkadot/types-codec" "12.4.2"
    "@polkadot/util" "^13.0.2"
    "@polkadot/util-crypto" "^13.0.2"
    rxjs "^7.8.1"
    tslib "^2.6.3"

"@polkadot/api@12.4.2":
  version "12.4.2"
  resolved "https://registry.npmjs.org/@polkadot/api/-/api-12.4.2.tgz"
  integrity sha512-e1KS048471iBWZU10TJNEYOZqLO+8h8ajmVqpaIBOVkamN7tmacBxmHgq0+IA8VrGxjxtYNa1xF5Sqrg76uBEg==
  dependencies:
    "@polkadot/api-augment" "12.4.2"
    "@polkadot/api-base" "12.4.2"
    "@polkadot/api-derive" "12.4.2"
    "@polkadot/keyring" "^13.0.2"
    "@polkadot/rpc-augment" "12.4.2"
    "@polkadot/rpc-core" "12.4.2"
    "@polkadot/rpc-provider" "12.4.2"
    "@polkadot/types" "12.4.2"
    "@polkadot/types-augment" "12.4.2"
    "@polkadot/types-codec" "12.4.2"
    "@polkadot/types-create" "12.4.2"
    "@polkadot/types-known" "12.4.2"
    "@polkadot/util" "^13.0.2"
    "@polkadot/util-crypto" "^13.0.2"
    eventemitter3 "^5.0.1"
    rxjs "^7.8.1"
    tslib "^2.6.3"

"@polkadot/keyring@^13.0.2":
  version "13.5.1"
  resolved "https://registry.npmjs.org/@polkadot/keyring/-/keyring-13.5.1.tgz"
  integrity sha512-dEl679aoMv9gOzWJA13Jb2HUGqRi6/zKjEtg+qbiEryCSjUqfNKyO8liuwMFy0VP3qxJb1FkxNe6MnG1NwbU5Q==
  dependencies:
    "@polkadot/util" "13.5.1"
    "@polkadot/util-crypto" "13.5.1"
    tslib "^2.8.0"

"@polkadot/networks@^13.0.2", "@polkadot/networks@13.5.1":
  version "13.5.1"
  resolved "https://registry.npmjs.org/@polkadot/networks/-/networks-13.5.1.tgz"
  integrity sha512-w5HS209pHZhqJ7AVqJqFApO4OcwlxjfQ7mp2dE/vL5qA5RnsEx/3fBYJ6h3z/k5Ggac0+Zl1vMZAF1gW8S/F9A==
  dependencies:
    "@polkadot/util" "13.5.1"
    "@substrate/ss58-registry" "^1.51.0"
    tslib "^2.8.0"

"@polkadot/rpc-augment@12.4.2":
  version "12.4.2"
  resolved "https://registry.npmjs.org/@polkadot/rpc-augment/-/rpc-augment-12.4.2.tgz"
  integrity sha512-IEco5pnso+fYkZNMlMAN5i4XAxdXPv0PZ0HNuWlCwF/MmRvWl8pq5JFtY1FiByHEbeuHwMIUhHM5SDKQ85q9Hg==
  dependencies:
    "@polkadot/rpc-core" "12.4.2"
    "@polkadot/types" "12.4.2"
    "@polkadot/types-codec" "12.4.2"
    "@polkadot/util" "^13.0.2"
    tslib "^2.6.3"

"@polkadot/rpc-core@12.4.2":
  version "12.4.2"
  resolved "https://registry.npmjs.org/@polkadot/rpc-core/-/rpc-core-12.4.2.tgz"
  integrity sha512-yaveqxNcmyluyNgsBT5tpnCa/md0CGbOtRK7K82LWsz7gsbh0x80GBbJrQGxsUybg1gPeZbO1q9IigwA6fY8ag==
  dependencies:
    "@polkadot/rpc-augment" "12.4.2"
    "@polkadot/rpc-provider" "12.4.2"
    "@polkadot/types" "12.4.2"
    "@polkadot/util" "^13.0.2"
    rxjs "^7.8.1"
    tslib "^2.6.3"

"@polkadot/rpc-provider@12.4.2":
  version "12.4.2"
  resolved "https://registry.npmjs.org/@polkadot/rpc-provider/-/rpc-provider-12.4.2.tgz"
  integrity sha512-cAhfN937INyxwW1AdjABySdCKhC7QCIONRDHDea1aLpiuxq/w+QwjxauR9fCNGh3lTaAwwnmZ5WfFU2PtkDMGQ==
  dependencies:
    "@polkadot/keyring" "^13.0.2"
    "@polkadot/types" "12.4.2"
    "@polkadot/types-support" "12.4.2"
    "@polkadot/util" "^13.0.2"
    "@polkadot/util-crypto" "^13.0.2"
    "@polkadot/x-fetch" "^13.0.2"
    "@polkadot/x-global" "^13.0.2"
    "@polkadot/x-ws" "^13.0.2"
    eventemitter3 "^5.0.1"
    mock-socket "^9.3.1"
    nock "^13.5.4"
    tslib "^2.6.3"
  optionalDependencies:
    "@substrate/connect" "0.8.11"

"@polkadot/types-augment@12.4.2":
  version "12.4.2"
  resolved "https://registry.npmjs.org/@polkadot/types-augment/-/types-augment-12.4.2.tgz"
  integrity sha512-3fDCOy2BEMuAtMYl4crKg76bv/0pDNEuzpAzV4EBUMIlJwypmjy5sg3gUPCMcA+ckX3xb8DhkWU4ceUdS7T2KQ==
  dependencies:
    "@polkadot/types" "12.4.2"
    "@polkadot/types-codec" "12.4.2"
    "@polkadot/util" "^13.0.2"
    tslib "^2.6.3"

"@polkadot/types-codec@12.4.2":
  version "12.4.2"
  resolved "https://registry.npmjs.org/@polkadot/types-codec/-/types-codec-12.4.2.tgz"
  integrity sha512-DiPGRFWtVMepD9i05eC3orSbGtpN7un/pXOrXu0oriU+oxLkpvZH68ZsPNtJhKdQy03cAYtvB8elJOFJZYqoqQ==
  dependencies:
    "@polkadot/util" "^13.0.2"
    "@polkadot/x-bigint" "^13.0.2"
    tslib "^2.6.3"

"@polkadot/types-create@12.4.2":
  version "12.4.2"
  resolved "https://registry.npmjs.org/@polkadot/types-create/-/types-create-12.4.2.tgz"
  integrity sha512-nOpeAKZLdSqNMfzS3waQXgyPPaNt8rUHEmR5+WNv6c/Ke/vyf710wjxiTewfp0wpBgtdrimlgG4DLX1J9Ms1LA==
  dependencies:
    "@polkadot/types-codec" "12.4.2"
    "@polkadot/util" "^13.0.2"
    tslib "^2.6.3"

"@polkadot/types-known@12.4.2":
  version "12.4.2"
  resolved "https://registry.npmjs.org/@polkadot/types-known/-/types-known-12.4.2.tgz"
  integrity sha512-bvhO4KQu/dgPmdwQXsweSMRiRisJ7Bp38lZVEIFykfd2qYyRW3OQEbIPKYpx9raD+fDATU0bTiKQnELrSGhYXw==
  dependencies:
    "@polkadot/networks" "^13.0.2"
    "@polkadot/types" "12.4.2"
    "@polkadot/types-codec" "12.4.2"
    "@polkadot/types-create" "12.4.2"
    "@polkadot/util" "^13.0.2"
    tslib "^2.6.3"

"@polkadot/types-support@12.4.2":
  version "12.4.2"
  resolved "https://registry.npmjs.org/@polkadot/types-support/-/types-support-12.4.2.tgz"
  integrity sha512-bz6JSt23UEZ2eXgN4ust6z5QF9pO5uNH7UzCP+8I/Nm85ZipeBYj2Wu6pLlE3Hw30hWZpuPxMDOKoEhN5bhLgw==
  dependencies:
    "@polkadot/util" "^13.0.2"
    tslib "^2.6.3"

"@polkadot/types@12.4.2":
  version "12.4.2"
  resolved "https://registry.npmjs.org/@polkadot/types/-/types-12.4.2.tgz"
  integrity sha512-ivYtt7hYcRvo69ULb1BJA9BE1uefijXcaR089Dzosr9+sMzvsB1yslNQReOq+Wzq6h6AQj4qex6qVqjWZE6Z4A==
  dependencies:
    "@polkadot/keyring" "^13.0.2"
    "@polkadot/types-augment" "12.4.2"
    "@polkadot/types-codec" "12.4.2"
    "@polkadot/types-create" "12.4.2"
    "@polkadot/util" "^13.0.2"
    "@polkadot/util-crypto" "^13.0.2"
    rxjs "^7.8.1"
    tslib "^2.6.3"

"@polkadot/util-crypto@^13.0.2", "@polkadot/util-crypto@13.5.1":
  version "13.5.1"
  resolved "https://registry.npmjs.org/@polkadot/util-crypto/-/util-crypto-13.5.1.tgz"
  integrity sha512-HIuTRpkulIzmgCU+GIXbEEkVbikvrK+5v8XZ7Ll45m1dLsxnrJeEbNsCLUwI/+D9Jd0iF3+T12GybuetlXeu+A==
  dependencies:
    "@noble/curves" "^1.3.0"
    "@noble/hashes" "^1.3.3"
    "@polkadot/networks" "13.5.1"
    "@polkadot/util" "13.5.1"
    "@polkadot/wasm-crypto" "^7.4.1"
    "@polkadot/wasm-util" "^7.4.1"
    "@polkadot/x-bigint" "13.5.1"
    "@polkadot/x-randomvalues" "13.5.1"
    "@scure/base" "^1.1.7"
    tslib "^2.8.0"

"@polkadot/util@*", "@polkadot/util@^13.0.2", "@polkadot/util@13.5.1":
  version "13.5.1"
  resolved "https://registry.npmjs.org/@polkadot/util/-/util-13.5.1.tgz"
  integrity sha512-Anu4fsmMconvU+WXGFESNQp4qFjbvZnS4zD4I54W5gW70klrmrdfP2jGYhejVkm0Pf43RREN63G7Rew8+sXUmw==
  dependencies:
    "@polkadot/x-bigint" "13.5.1"
    "@polkadot/x-global" "13.5.1"
    "@polkadot/x-textdecoder" "13.5.1"
    "@polkadot/x-textencoder" "13.5.1"
    "@types/bn.js" "^5.1.6"
    bn.js "^5.2.1"
    tslib "^2.8.0"

"@polkadot/wasm-bridge@7.4.1":
  version "7.4.1"
  resolved "https://registry.npmjs.org/@polkadot/wasm-bridge/-/wasm-bridge-7.4.1.tgz"
  integrity sha512-tdkJaV453tezBxhF39r4oeG0A39sPKGDJmN81LYLf+Fihb7astzwju+u75BRmDrHZjZIv00un3razJEWCxze6g==
  dependencies:
    "@polkadot/wasm-util" "7.4.1"
    tslib "^2.7.0"

"@polkadot/wasm-crypto-asmjs@7.4.1":
  version "7.4.1"
  resolved "https://registry.npmjs.org/@polkadot/wasm-crypto-asmjs/-/wasm-crypto-asmjs-7.4.1.tgz"
  integrity sha512-pwU8QXhUW7IberyHJIQr37IhbB6DPkCG5FhozCiNTq4vFBsFPjm9q8aZh7oX1QHQaiAZa2m2/VjIVE+FHGbvHQ==
  dependencies:
    tslib "^2.7.0"

"@polkadot/wasm-crypto-init@7.4.1":
  version "7.4.1"
  resolved "https://registry.npmjs.org/@polkadot/wasm-crypto-init/-/wasm-crypto-init-7.4.1.tgz"
  integrity sha512-AVka33+f7MvXEEIGq5U0dhaA2SaXMXnxVCQyhJTaCnJ5bRDj0Xlm3ijwDEQUiaDql7EikbkkRtmlvs95eSUWYQ==
  dependencies:
    "@polkadot/wasm-bridge" "7.4.1"
    "@polkadot/wasm-crypto-asmjs" "7.4.1"
    "@polkadot/wasm-crypto-wasm" "7.4.1"
    "@polkadot/wasm-util" "7.4.1"
    tslib "^2.7.0"

"@polkadot/wasm-crypto-wasm@7.4.1":
  version "7.4.1"
  resolved "https://registry.npmjs.org/@polkadot/wasm-crypto-wasm/-/wasm-crypto-wasm-7.4.1.tgz"
  integrity sha512-PE1OAoupFR0ZOV2O8tr7D1FEUAwaggzxtfs3Aa5gr+yxlSOaWUKeqsOYe1KdrcjmZVV3iINEAXxgrbzCmiuONg==
  dependencies:
    "@polkadot/wasm-util" "7.4.1"
    tslib "^2.7.0"

"@polkadot/wasm-crypto@^7.4.1":
  version "7.4.1"
  resolved "https://registry.npmjs.org/@polkadot/wasm-crypto/-/wasm-crypto-7.4.1.tgz"
  integrity sha512-kHN/kF7hYxm1y0WeFLWeWir6oTzvcFmR4N8fJJokR+ajYbdmrafPN+6iLgQVbhZnDdxyv9jWDuRRsDnBx8tPMQ==
  dependencies:
    "@polkadot/wasm-bridge" "7.4.1"
    "@polkadot/wasm-crypto-asmjs" "7.4.1"
    "@polkadot/wasm-crypto-init" "7.4.1"
    "@polkadot/wasm-crypto-wasm" "7.4.1"
    "@polkadot/wasm-util" "7.4.1"
    tslib "^2.7.0"

"@polkadot/wasm-util@*", "@polkadot/wasm-util@^7.4.1", "@polkadot/wasm-util@7.4.1":
  version "7.4.1"
  resolved "https://registry.npmjs.org/@polkadot/wasm-util/-/wasm-util-7.4.1.tgz"
  integrity sha512-RAcxNFf3zzpkr+LX/ItAsvj+QyM56TomJ0xjUMo4wKkHjwsxkz4dWJtx5knIgQz/OthqSDMR59VNEycQeNuXzA==
  dependencies:
    tslib "^2.7.0"

"@polkadot/x-bigint@^13.0.2", "@polkadot/x-bigint@13.5.1":
  version "13.5.1"
  resolved "https://registry.npmjs.org/@polkadot/x-bigint/-/x-bigint-13.5.1.tgz"
  integrity sha512-5GiYznWm/GdCe9nQwL/EEVLXFqK2JZqcNnWC/r196lRujqKd24r90WPHYw18d9fsii/8J4DOKc8cCRfxjMBdCw==
  dependencies:
    "@polkadot/x-global" "13.5.1"
    tslib "^2.8.0"

"@polkadot/x-fetch@^13.0.2":
  version "13.5.1"
  resolved "https://registry.npmjs.org/@polkadot/x-fetch/-/x-fetch-13.5.1.tgz"
  integrity sha512-2qTvxMdxlAnyY2xOulm5ZazWFRegUB6xOX7yTBxSvuAXiYGecuiZa5NikCYl+nB8iZW4ZGraLFyt9otzJHL5cw==
  dependencies:
    "@polkadot/x-global" "13.5.1"
    node-fetch "^3.3.2"
    tslib "^2.8.0"

"@polkadot/x-global@^13.0.2", "@polkadot/x-global@13.5.1":
  version "13.5.1"
  resolved "https://registry.npmjs.org/@polkadot/x-global/-/x-global-13.5.1.tgz"
  integrity sha512-8A9dvyGmXtQf8jCqGSxa4R8JLh43K8T1//ht7UU6Bsv7we2svdQ+O1FXblwAnAHCcboYeyYqzrTwnRnQlyrdWQ==
  dependencies:
    tslib "^2.8.0"

"@polkadot/x-randomvalues@*", "@polkadot/x-randomvalues@13.5.1":
  version "13.5.1"
  resolved "https://registry.npmjs.org/@polkadot/x-randomvalues/-/x-randomvalues-13.5.1.tgz"
  integrity sha512-FT/A8EWIBNACWfxo+fDzRrkmK8TQxgaZjtr5E+/i8MYqscHFqiX9PmbMuoGC1T4w+piihHU1JD8rLTip2K8NIw==
  dependencies:
    "@polkadot/x-global" "13.5.1"
    tslib "^2.8.0"

"@polkadot/x-textdecoder@13.5.1":
  version "13.5.1"
  resolved "https://registry.npmjs.org/@polkadot/x-textdecoder/-/x-textdecoder-13.5.1.tgz"
  integrity sha512-iInpeywdQDusB3fz7F+La74UQoTXC8F4CsmZYEoQeZekb6CoAgtLkQZhw7ckV5+MmscLeOvZCI1wYBRqCd+qqw==
  dependencies:
    "@polkadot/x-global" "13.5.1"
    tslib "^2.8.0"

"@polkadot/x-textencoder@13.5.1":
  version "13.5.1"
  resolved "https://registry.npmjs.org/@polkadot/x-textencoder/-/x-textencoder-13.5.1.tgz"
  integrity sha512-2QS22Eqrsjo7BCMHnL0EGheflDXSW0xpI+Zi0ULvci4uzHK4ZUgfFtEzEFg1kbKZ8ShvRpkQbGzp8nJqwijjgQ==
  dependencies:
    "@polkadot/x-global" "13.5.1"
    tslib "^2.8.0"

"@polkadot/x-ws@^13.0.2":
  version "13.5.1"
  resolved "https://registry.npmjs.org/@polkadot/x-ws/-/x-ws-13.5.1.tgz"
  integrity sha512-z9ks9qd3G78nnXcMRQN9GXtJ5BRAwRaRCVngY/ot0o4dmOdPyiciyNPOC8lNWvXF8Z1zyUqkKWwzQ33DzPFCWQ==
  dependencies:
    "@polkadot/x-global" "13.5.1"
    tslib "^2.8.0"
    ws "^8.18.0"

"@scure/base@^1.1.1", "@scure/base@^1.1.7":
  version "1.2.6"
  resolved "https://registry.npmjs.org/@scure/base/-/base-1.2.6.tgz"
  integrity sha512-g/nm5FgUa//MCj1gV09zTJTaM6KBAHqLN907YVQqf7zC49+DcO4B1so4ZX07Ef10Twr6nuqYEH9GEggFXA4Fmg==

"@substrate/connect-extension-protocol@^2.0.0":
  version "2.2.2"
  resolved "https://registry.npmjs.org/@substrate/connect-extension-protocol/-/connect-extension-protocol-2.2.2.tgz"
  integrity sha512-t66jwrXA0s5Goq82ZtjagLNd7DPGCNjHeehRlE/gcJmJ+G56C0W+2plqOMRicJ8XGR1/YFnUSEqUFiSNbjGrAA==

"@substrate/connect-known-chains@^1.1.5":
  version "1.10.2"
  resolved "https://registry.npmjs.org/@substrate/connect-known-chains/-/connect-known-chains-1.10.2.tgz"
  integrity sha512-oDtEbKjVOog6lxOLDzmm+2BoLC/KUzkHkeUPqJ6a0VQ4CB/XuoS0u3RGhA/cZ+kfMJAyHCG2qupbzgs1bcd/Ow==

"@substrate/connect@0.8.11":
  version "0.8.11"
  resolved "https://registry.npmjs.org/@substrate/connect/-/connect-0.8.11.tgz"
  integrity sha512-ofLs1PAO9AtDdPbdyTYj217Pe+lBfTLltdHDs3ds8no0BseoLeAGxpz1mHfi7zB4IxI3YyAiLjH6U8cw4pj4Nw==
  dependencies:
    "@substrate/connect-extension-protocol" "^2.0.0"
    "@substrate/connect-known-chains" "^1.1.5"
    "@substrate/light-client-extension-helpers" "^1.0.0"
    smoldot "2.0.26"

"@substrate/light-client-extension-helpers@^1.0.0":
  version "1.0.0"
  resolved "https://registry.npmjs.org/@substrate/light-client-extension-helpers/-/light-client-extension-helpers-1.0.0.tgz"
  integrity sha512-TdKlni1mBBZptOaeVrKnusMg/UBpWUORNDv5fdCaJklP4RJiFOzBCrzC+CyVI5kQzsXBisZ+2pXm+rIjS38kHg==
  dependencies:
    "@polkadot-api/json-rpc-provider" "^0.0.1"
    "@polkadot-api/json-rpc-provider-proxy" "^0.1.0"
    "@polkadot-api/observable-client" "^0.3.0"
    "@polkadot-api/substrate-client" "^0.1.2"
    "@substrate/connect-extension-protocol" "^2.0.0"
    "@substrate/connect-known-chains" "^1.1.5"
    rxjs "^7.8.1"

"@substrate/ss58-registry@^1.51.0":
  version "1.51.0"
  resolved "https://registry.npmjs.org/@substrate/ss58-registry/-/ss58-registry-1.51.0.tgz"
  integrity sha512-TWDurLiPxndFgKjVavCniytBIw+t4ViOi7TYp9h/D0NMmkEc9klFTo+827eyEJ0lELpqO207Ey7uGxUa+BS1jQ==

"@types/bn.js@^5.1.6":
  version "5.2.0"
  resolved "https://registry.npmjs.org/@types/bn.js/-/bn.js-5.2.0.tgz"
  integrity sha512-DLbJ1BPqxvQhIGbeu8VbUC1DiAiahHtAYvA0ZEAa4P31F7IaArc8z3C3BRQdWX4mtLQuABG4yzp76ZrS02Ui1Q==
  dependencies:
    "@types/node" "*"

"@types/node@*":
  version "24.0.3"
  resolved "https://registry.npmjs.org/@types/node/-/node-24.0.3.tgz"
  integrity sha512-R4I/kzCYAdRLzfiCabn9hxWfbuHS573x+r0dJMkkzThEa7pbrcDWK+9zu3e7aBOouf+rQAciqPFMnxwr0aWgKg==
  dependencies:
    undici-types "~7.8.0"

bn.js@^5.2.1:
  version "5.2.2"
  resolved "https://registry.npmjs.org/bn.js/-/bn.js-5.2.2.tgz"
  integrity sha512-v2YAxEmKaBLahNwE1mjp4WON6huMNeuDvagFZW+ASCuA/ku0bXR9hSMw0XpiqMoA3+rmnyck/tPRSFQkoC9Cuw==

data-uri-to-buffer@^4.0.0:
  version "4.0.1"
  resolved "https://registry.npmjs.org/data-uri-to-buffer/-/data-uri-to-buffer-4.0.1.tgz"
  integrity sha512-0R9ikRb668HB7QDxT1vkpuUBtqc53YyAwMwGeUFKRojY/NWKvdZ+9UYtRfGmhqNbRkTSVpMbmyhXipFFv2cb/A==

debug@^4.1.0:
  version "4.4.1"
  resolved "https://registry.npmjs.org/debug/-/debug-4.4.1.tgz"
  integrity sha512-KcKCqiftBJcZr++7ykoDIEwSa3XWowTfNPo92BYxjXiyYEVrUQh2aLyhxBCwww+heortUFxEJYcRzosstTEBYQ==
  dependencies:
    ms "^2.1.3"

eventemitter3@^5.0.1:
  version "5.0.1"
  resolved "https://registry.npmjs.org/eventemitter3/-/eventemitter3-5.0.1.tgz"
  integrity sha512-GWkBvjiSZK87ELrYOSESUYeVIc9mvLLf/nXalMOS5dYrgZq9o5OVkbZAVM06CVxYsCwH9BDZFPlQTlPA1j4ahA==

fetch-blob@^3.1.2, fetch-blob@^3.1.4:
  version "3.2.0"
  resolved "https://registry.npmjs.org/fetch-blob/-/fetch-blob-3.2.0.tgz"
  integrity sha512-7yAQpD2UMJzLi1Dqv7qFYnPbaPx7ZfFK6PiIxQ4PfkGPyNyl2Ugx+a/umUonmKqjhM4DnfbMvdX6otXq83soQQ==
  dependencies:
    node-domexception "^1.0.0"
    web-streams-polyfill "^3.0.3"

formdata-polyfill@^4.0.10:
  version "4.0.10"
  resolved "https://registry.npmjs.org/formdata-polyfill/-/formdata-polyfill-4.0.10.tgz"
  integrity sha512-buewHzMvYL29jdeQTVILecSaZKnt/RJWjoZCF5OW60Z67/GmSLBkOFM7qh1PI3zFNtJbaZL5eQu1vLfazOwj4g==
  dependencies:
    fetch-blob "^3.1.2"

json-stringify-safe@^5.0.1:
  version "5.0.1"
  resolved "https://registry.npmjs.org/json-stringify-safe/-/json-stringify-safe-5.0.1.tgz"
  integrity sha512-ZClg6AaYvamvYEE82d3Iyd3vSSIjQ+odgjaTzRuO3s7toCdFKczob2i0zCh7JE8kWn17yvAWhUVxvqGwUalsRA==

mock-socket@^9.3.1:
  version "9.3.1"
  resolved "https://registry.npmjs.org/mock-socket/-/mock-socket-9.3.1.tgz"
  integrity sha512-qxBgB7Qa2sEQgHFjj0dSigq7fX4k6Saisd5Nelwp2q8mlbAFh5dHV9JTTlF8viYJLSSWgMCZFUom8PJcMNBoJw==

ms@^2.1.3:
  version "2.1.3"
  resolved "https://registry.npmjs.org/ms/-/ms-2.1.3.tgz"
  integrity sha512-6FlzubTLZG3J2a/NVCAleEhjzq5oxgHyaCU9yYXvcLsvoVaHJq/s5xXI6/XXP6tz7R9xAOtHnSO/tXtF3WRTlA==

nock@^13.5.4:
  version "13.5.6"
  resolved "https://registry.npmjs.org/nock/-/nock-13.5.6.tgz"
  integrity sha512-o2zOYiCpzRqSzPj0Zt/dQ/DqZeYoaQ7TUonc/xUPjCGl9WeHpNbxgVvOquXYAaJzI0M9BXV3HTzG0p8IUAbBTQ==
  dependencies:
    debug "^4.1.0"
    json-stringify-safe "^5.0.1"
    propagate "^2.0.0"

node-domexception@^1.0.0:
  version "1.0.0"
  resolved "https://registry.npmjs.org/node-domexception/-/node-domexception-1.0.0.tgz"
  integrity sha512-/jKZoMpw0F8GRwl4/eLROPA3cfcXtLApP0QzLmUT/HuPCZWyB7IY9ZrMeKw2O/nFIqPQB3PVM9aYm0F312AXDQ==

node-fetch@^3.3.2:
  version "3.3.2"
  resolved "https://registry.npmjs.org/node-fetch/-/node-fetch-3.3.2.tgz"
  integrity sha512-dRB78srN/l6gqWulah9SrxeYnxeddIG30+GOqK/9OlLVyLg3HPnr6SqOWTWOXKRwC2eGYCkZ59NNuSgvSrpgOA==
  dependencies:
    data-uri-to-buffer "^4.0.0"
    fetch-blob "^3.1.4"
    formdata-polyfill "^4.0.10"

propagate@^2.0.0:
  version "2.0.1"
  resolved "https://registry.npmjs.org/propagate/-/propagate-2.0.1.tgz"
  integrity sha512-vGrhOavPSTz4QVNuBNdcNXePNdNMaO1xj9yBeH1ScQPjk/rhg9sSlCXPhMkFuaNNW/syTvYqsnbIJxMBfRbbag==

rxjs@^7.8.1, rxjs@>=7.8.0:
  version "7.8.2"
  resolved "https://registry.npmjs.org/rxjs/-/rxjs-7.8.2.tgz"
  integrity sha512-dhKf903U/PQZY6boNNtAGdWbG85WAbjT/1xYoZIC7FAY0yWapOBQVsVrDl58W86//e1VpMNBtRV4MaXfdMySFA==
  dependencies:
    tslib "^2.1.0"

scale-ts@^1.6.0:
  version "1.6.1"
  resolved "https://registry.npmjs.org/scale-ts/-/scale-ts-1.6.1.tgz"
  integrity sha512-PBMc2AWc6wSEqJYBDPcyCLUj9/tMKnLX70jLOSndMtcUoLQucP/DM0vnQo1wJAYjTrQiq8iG9rD0q6wFzgjH7g==

smoldot@2.0.26, smoldot@2.x:
  version "2.0.26"
  resolved "https://registry.npmjs.org/smoldot/-/smoldot-2.0.26.tgz"
  integrity sha512-F+qYmH4z2s2FK+CxGj8moYcd1ekSIKH8ywkdqlOz88Dat35iB1DIYL11aILN46YSGMzQW/lbJNS307zBSDN5Ig==
  dependencies:
    ws "^8.8.1"

tslib@^2.1.0, tslib@^2.6.3, tslib@^2.7.0, tslib@^2.8.0:
  version "2.8.1"
  resolved "https://registry.npmjs.org/tslib/-/tslib-2.8.1.tgz"
  integrity sha512-oJFu94HQb+KVduSUQL7wnpmqnfmLsOA/nAh6b6EH0wCEoK0/mPeXU6c3wKDV83MkOuHPRHtSXKKU99IBazS/2w==

undici-types@~7.8.0:
  version "7.8.0"
  resolved "https://registry.npmjs.org/undici-types/-/undici-types-7.8.0.tgz"
  integrity sha512-9UJ2xGDvQ43tYyVMpuHlsgApydB8ZKfVYTsLDhXkFL/6gfkp+U8xTGdh8pMJv1SpZna0zxG1DwsKZsreLbXBxw==

web-streams-polyfill@^3.0.3:
  version "3.3.3"
  resolved "https://registry.npmjs.org/web-streams-polyfill/-/web-streams-polyfill-3.3.3.tgz"
  integrity sha512-d2JWLCivmZYTSIoge9MsgFCZrt571BikcWGYkjC1khllbTeDlGqZ2D8vD8E/lJa8WGWbb7Plm8/XJYV7IJHZZw==

ws@^8.18.0, ws@^8.8.1:
  version "8.18.2"
  resolved "https://registry.npmjs.org/ws/-/ws-8.18.2.tgz"
  integrity sha512-DMricUmwGZUVr++AEAe2uiVM7UoO9MAVZMDu05UQOaUII0lp+zOzLLU4Xqh/JvTqklB1T4uELaaPBKyjE1r4fQ==
