# THIS IS AN AUTOGENERATED FILE. DO NOT EDIT THIS FILE DIRECTLY.
# yarn lockfile v1


"@babel/runtime@^7.20.13", "@babel/runtime@^7.20.6":
  "integrity" "sha512-xwII0//EObnq89Ji5AKYQaRYiW/nZ3llSv29d49IuxPhKbtJoLP+9QUUZ4nVragQVtaVGeZrpB+ZtG/Pdy/POw=="
  "resolved" "https://registry.npmjs.org/@babel/runtime/-/runtime-7.21.0.tgz"
  "version" "7.21.0"
  dependencies:
    "regenerator-runtime" "^0.13.11"

"@noble/hashes@1.2.0":
  "integrity" "sha512-FZfhjEDbT5GRswV3C6uvLPHMiVD6lQBmpoX5+eSiPaMTXte/IKqI5dykDxzZB/WBeK/CDuQRBWarPdi3FNY2zQ=="
  "resolved" "https://registry.npmjs.org/@noble/hashes/-/hashes-1.2.0.tgz"
  "version" "1.2.0"

"@noble/secp256k1@1.7.1":
  "integrity" "sha512-hOUk6AyBFmqVrv7k5WAw/LpszxVbj9gGN4JRkIX52fdFAj1UA61KXmZDvqVEm+pOyec3+fIeZB02LYa/pWOArw=="
  "resolved" "https://registry.npmjs.org/@noble/secp256k1/-/secp256k1-1.7.1.tgz"
  "version" "1.7.1"

"@polkadot/api-augment@9.14.2":
  "integrity" "sha512-19MmW8AHEcLkdcUIo3LLk0eCQgREWqNSxkUyOeWn7UiNMY1AhDOOwMStUBNCvrIDK6VL6GGc1sY7rkPCLMuKSw=="
  "resolved" "https://registry.npmjs.org/@polkadot/api-augment/-/api-augment-9.14.2.tgz"
  "version" "9.14.2"
  dependencies:
    "@babel/runtime" "^7.20.13"
    "@polkadot/api-base" "9.14.2"
    "@polkadot/rpc-augment" "9.14.2"
    "@polkadot/types" "9.14.2"
    "@polkadot/types-augment" "9.14.2"
    "@polkadot/types-codec" "9.14.2"
    "@polkadot/util" "^10.4.2"

"@polkadot/api-base@9.14.2":
  "integrity" "sha512-ky9fmzG1Tnrjr/SBZ0aBB21l0TFr+CIyQenQczoUyVgiuxVaI/2Bp6R2SFrHhG28P+PW2/RcYhn2oIAR2Z2fZQ=="
  "resolved" "https://registry.npmjs.org/@polkadot/api-base/-/api-base-9.14.2.tgz"
  "version" "9.14.2"
  dependencies:
    "@babel/runtime" "^7.20.13"
    "@polkadot/rpc-core" "9.14.2"
    "@polkadot/types" "9.14.2"
    "@polkadot/util" "^10.4.2"
    "rxjs" "^7.8.0"

"@polkadot/api-derive@9.14.2":
  "integrity" "sha512-yw9OXucmeggmFqBTMgza0uZwhNjPxS7MaT7lSCUIRKckl1GejdV+qMhL3XFxPFeYzXwzFpdPG11zWf+qJlalqw=="
  "resolved" "https://registry.npmjs.org/@polkadot/api-derive/-/api-derive-9.14.2.tgz"
  "version" "9.14.2"
  dependencies:
    "@babel/runtime" "^7.20.13"
    "@polkadot/api" "9.14.2"
    "@polkadot/api-augment" "9.14.2"
    "@polkadot/api-base" "9.14.2"
    "@polkadot/rpc-core" "9.14.2"
    "@polkadot/types" "9.14.2"
    "@polkadot/types-codec" "9.14.2"
    "@polkadot/util" "^10.4.2"
    "@polkadot/util-crypto" "^10.4.2"
    "rxjs" "^7.8.0"

"@polkadot/api@^9.11.3", "@polkadot/api@9.14.2":
  "integrity" "sha512-R3eYFj2JgY1zRb+OCYQxNlJXCs2FA+AU4uIEiVcXnVLmR3M55tkRNEwYAZmiFxx0pQmegGgPMc33q7TWGdw24A=="
  "resolved" "https://registry.npmjs.org/@polkadot/api/-/api-9.14.2.tgz"
  "version" "9.14.2"
  dependencies:
    "@babel/runtime" "^7.20.13"
    "@polkadot/api-augment" "9.14.2"
    "@polkadot/api-base" "9.14.2"
    "@polkadot/api-derive" "9.14.2"
    "@polkadot/keyring" "^10.4.2"
    "@polkadot/rpc-augment" "9.14.2"
    "@polkadot/rpc-core" "9.14.2"
    "@polkadot/rpc-provider" "9.14.2"
    "@polkadot/types" "9.14.2"
    "@polkadot/types-augment" "9.14.2"
    "@polkadot/types-codec" "9.14.2"
    "@polkadot/types-create" "9.14.2"
    "@polkadot/types-known" "9.14.2"
    "@polkadot/util" "^10.4.2"
    "@polkadot/util-crypto" "^10.4.2"
    "eventemitter3" "^5.0.0"
    "rxjs" "^7.8.0"

"@polkadot/keyring@^10.4.2":
  "integrity" "sha512-7iHhJuXaHrRTG6cJDbZE9G+c1ts1dujp0qbO4RfAPmT7YUvphHvAtCKueN9UKPz5+TYDL+rP/jDEaSKU8jl/qQ=="
  "resolved" "https://registry.npmjs.org/@polkadot/keyring/-/keyring-10.4.2.tgz"
  "version" "10.4.2"
  dependencies:
    "@babel/runtime" "^7.20.13"
    "@polkadot/util" "10.4.2"
    "@polkadot/util-crypto" "10.4.2"

"@polkadot/networks@^10.4.2", "@polkadot/networks@10.4.2":
  "integrity" "sha512-FAh/znrEvWBiA/LbcT5GXHsCFUl//y9KqxLghSr/CreAmAergiJNT0MVUezC7Y36nkATgmsr4ylFwIxhVtuuCw=="
  "resolved" "https://registry.npmjs.org/@polkadot/networks/-/networks-10.4.2.tgz"
  "version" "10.4.2"
  dependencies:
    "@babel/runtime" "^7.20.13"
    "@polkadot/util" "10.4.2"
    "@substrate/ss58-registry" "^1.38.0"

"@polkadot/rpc-augment@9.14.2":
  "integrity" "sha512-mOubRm3qbKZTbP9H01XRrfTk7k5it9WyzaWAg72DJBQBYdgPUUkGSgpPD/Srkk5/5GAQTWVWL1I2UIBKJ4TJjQ=="
  "resolved" "https://registry.npmjs.org/@polkadot/rpc-augment/-/rpc-augment-9.14.2.tgz"
  "version" "9.14.2"
  dependencies:
    "@babel/runtime" "^7.20.13"
    "@polkadot/rpc-core" "9.14.2"
    "@polkadot/types" "9.14.2"
    "@polkadot/types-codec" "9.14.2"
    "@polkadot/util" "^10.4.2"

"@polkadot/rpc-core@9.14.2":
  "integrity" "sha512-krA/mtQ5t9nUQEsEVC1sjkttLuzN6z6gyJxK2IlpMS3S5ncy/R6w4FOpy+Q0H18Dn83JBo0p7ZtY7Y6XkK48Kw=="
  "resolved" "https://registry.npmjs.org/@polkadot/rpc-core/-/rpc-core-9.14.2.tgz"
  "version" "9.14.2"
  dependencies:
    "@babel/runtime" "^7.20.13"
    "@polkadot/rpc-augment" "9.14.2"
    "@polkadot/rpc-provider" "9.14.2"
    "@polkadot/types" "9.14.2"
    "@polkadot/util" "^10.4.2"
    "rxjs" "^7.8.0"

"@polkadot/rpc-provider@9.14.2":
  "integrity" "sha512-YTSywjD5PF01V47Ru5tln2LlpUwJiSOdz6rlJXPpMaY53hUp7+xMU01FVAQ1bllSBNisSD1Msv/mYHq84Oai2g=="
  "resolved" "https://registry.npmjs.org/@polkadot/rpc-provider/-/rpc-provider-9.14.2.tgz"
  "version" "9.14.2"
  dependencies:
    "@babel/runtime" "^7.20.13"
    "@polkadot/keyring" "^10.4.2"
    "@polkadot/types" "9.14.2"
    "@polkadot/types-support" "9.14.2"
    "@polkadot/util" "^10.4.2"
    "@polkadot/util-crypto" "^10.4.2"
    "@polkadot/x-fetch" "^10.4.2"
    "@polkadot/x-global" "^10.4.2"
    "@polkadot/x-ws" "^10.4.2"
    "eventemitter3" "^5.0.0"
    "mock-socket" "^9.2.1"
    "nock" "^13.3.0"
  optionalDependencies:
    "@substrate/connect" "0.7.19"

"@polkadot/types-augment@9.14.2":
  "integrity" "sha512-WO9d7RJufUeY3iFgt2Wz762kOu1tjEiGBR5TT4AHtpEchVHUeosVTrN9eycC+BhleqYu52CocKz6u3qCT/jKLg=="
  "resolved" "https://registry.npmjs.org/@polkadot/types-augment/-/types-augment-9.14.2.tgz"
  "version" "9.14.2"
  dependencies:
    "@babel/runtime" "^7.20.13"
    "@polkadot/types" "9.14.2"
    "@polkadot/types-codec" "9.14.2"
    "@polkadot/util" "^10.4.2"

"@polkadot/types-codec@9.14.2":
  "integrity" "sha512-AJ4XF7W1no4PENLBRU955V6gDxJw0h++EN3YoDgThozZ0sj3OxyFupKgNBZcZb2V23H8JxQozzIad8k+nJbO1w=="
  "resolved" "https://registry.npmjs.org/@polkadot/types-codec/-/types-codec-9.14.2.tgz"
  "version" "9.14.2"
  dependencies:
    "@babel/runtime" "^7.20.13"
    "@polkadot/util" "^10.4.2"
    "@polkadot/x-bigint" "^10.4.2"

"@polkadot/types-create@9.14.2":
  "integrity" "sha512-nSnKpBierlmGBQT8r6/SHf6uamBIzk4WmdMsAsR4uJKJF1PtbIqx2W5PY91xWSiMSNMzjkbCppHkwaDAMwLGaw=="
  "resolved" "https://registry.npmjs.org/@polkadot/types-create/-/types-create-9.14.2.tgz"
  "version" "9.14.2"
  dependencies:
    "@babel/runtime" "^7.20.13"
    "@polkadot/types-codec" "9.14.2"
    "@polkadot/util" "^10.4.2"

"@polkadot/types-known@9.14.2":
  "integrity" "sha512-iM8WOCgguzJ3TLMqlm4K1gKQEwWm2zxEKT1HZZ1irs/lAbBk9MquDWDvebryiw3XsLB8xgrp3RTIBn2Q4FjB2A=="
  "resolved" "https://registry.npmjs.org/@polkadot/types-known/-/types-known-9.14.2.tgz"
  "version" "9.14.2"
  dependencies:
    "@babel/runtime" "^7.20.13"
    "@polkadot/networks" "^10.4.2"
    "@polkadot/types" "9.14.2"
    "@polkadot/types-codec" "9.14.2"
    "@polkadot/types-create" "9.14.2"
    "@polkadot/util" "^10.4.2"

"@polkadot/types-support@9.14.2":
  "integrity" "sha512-VWCOPgXDK3XtXT7wMLyIWeNDZxUbNcw/8Pn6n6vMogs7o/n4h6WGbGMeTIQhPWyn831/RmkVs5+2DUC+2LlOhw=="
  "resolved" "https://registry.npmjs.org/@polkadot/types-support/-/types-support-9.14.2.tgz"
  "version" "9.14.2"
  dependencies:
    "@babel/runtime" "^7.20.13"
    "@polkadot/util" "^10.4.2"

"@polkadot/types@9.14.2":
  "integrity" "sha512-hGLddTiJbvowhhUZJ3k+olmmBc1KAjWIQxujIUIYASih8FQ3/YJDKxaofGOzh0VygOKW3jxQBN2VZPofyDP9KQ=="
  "resolved" "https://registry.npmjs.org/@polkadot/types/-/types-9.14.2.tgz"
  "version" "9.14.2"
  dependencies:
    "@babel/runtime" "^7.20.13"
    "@polkadot/keyring" "^10.4.2"
    "@polkadot/types-augment" "9.14.2"
    "@polkadot/types-codec" "9.14.2"
    "@polkadot/types-create" "9.14.2"
    "@polkadot/util" "^10.4.2"
    "@polkadot/util-crypto" "^10.4.2"
    "rxjs" "^7.8.0"

"@polkadot/util-crypto@^10.4.2", "@polkadot/util-crypto@10.4.2":
  "integrity" "sha512-RxZvF7C4+EF3fzQv8hZOLrYCBq5+wA+2LWv98nECkroChY3C2ZZvyWDqn8+aonNULt4dCVTWDZM0QIY6y4LUAQ=="
  "resolved" "https://registry.npmjs.org/@polkadot/util-crypto/-/util-crypto-10.4.2.tgz"
  "version" "10.4.2"
  dependencies:
    "@babel/runtime" "^7.20.13"
    "@noble/hashes" "1.2.0"
    "@noble/secp256k1" "1.7.1"
    "@polkadot/networks" "10.4.2"
    "@polkadot/util" "10.4.2"
    "@polkadot/wasm-crypto" "^6.4.1"
    "@polkadot/x-bigint" "10.4.2"
    "@polkadot/x-randomvalues" "10.4.2"
    "@scure/base" "1.1.1"
    "ed2curve" "^0.3.0"
    "tweetnacl" "^1.0.3"

"@polkadot/util@*", "@polkadot/util@^10.4.2", "@polkadot/util@10.4.2":
  "integrity" "sha512-0r5MGICYiaCdWnx+7Axlpvzisy/bi1wZGXgCSw5+ZTyPTOqvsYRqM2X879yxvMsGfibxzWqNzaiVjToz1jvUaA=="
  "resolved" "https://registry.npmjs.org/@polkadot/util/-/util-10.4.2.tgz"
  "version" "10.4.2"
  dependencies:
    "@babel/runtime" "^7.20.13"
    "@polkadot/x-bigint" "10.4.2"
    "@polkadot/x-global" "10.4.2"
    "@polkadot/x-textdecoder" "10.4.2"
    "@polkadot/x-textencoder" "10.4.2"
    "@types/bn.js" "^5.1.1"
    "bn.js" "^5.2.1"

"@polkadot/wasm-bridge@6.4.1":
  "integrity" "sha512-QZDvz6dsUlbYsaMV5biZgZWkYH9BC5AfhT0f0/knv8+LrbAoQdP3Asbvddw8vyU9sbpuCHXrd4bDLBwUCRfrBQ=="
  "resolved" "https://registry.npmjs.org/@polkadot/wasm-bridge/-/wasm-bridge-6.4.1.tgz"
  "version" "6.4.1"
  dependencies:
    "@babel/runtime" "^7.20.6"

"@polkadot/wasm-crypto-asmjs@6.4.1":
  "integrity" "sha512-UxZTwuBZlnODGIQdCsE2Sn/jU0O2xrNQ/TkhRFELfkZXEXTNu4lw6NpaKq7Iey4L+wKd8h4lT3VPVkMcPBLOvA=="
  "resolved" "https://registry.npmjs.org/@polkadot/wasm-crypto-asmjs/-/wasm-crypto-asmjs-6.4.1.tgz"
  "version" "6.4.1"
  dependencies:
    "@babel/runtime" "^7.20.6"

"@polkadot/wasm-crypto-init@6.4.1":
  "integrity" "sha512-1ALagSi/nfkyFaH6JDYfy/QbicVbSn99K8PV9rctDUfxc7P06R7CoqbjGQ4OMPX6w1WYVPU7B4jPHGLYBlVuMw=="
  "resolved" "https://registry.npmjs.org/@polkadot/wasm-crypto-init/-/wasm-crypto-init-6.4.1.tgz"
  "version" "6.4.1"
  dependencies:
    "@babel/runtime" "^7.20.6"
    "@polkadot/wasm-bridge" "6.4.1"
    "@polkadot/wasm-crypto-asmjs" "6.4.1"
    "@polkadot/wasm-crypto-wasm" "6.4.1"

"@polkadot/wasm-crypto-wasm@6.4.1":
  "integrity" "sha512-3VV9ZGzh0ZY3SmkkSw+0TRXxIpiO0nB8lFwlRgcwaCihwrvLfRnH9GI8WE12mKsHVjWTEVR3ogzILJxccAUjDA=="
  "resolved" "https://registry.npmjs.org/@polkadot/wasm-crypto-wasm/-/wasm-crypto-wasm-6.4.1.tgz"
  "version" "6.4.1"
  dependencies:
    "@babel/runtime" "^7.20.6"
    "@polkadot/wasm-util" "6.4.1"

"@polkadot/wasm-crypto@^6.4.1":
  "integrity" "sha512-FH+dcDPdhSLJvwL0pMLtn/LIPd62QDPODZRCmDyw+pFjLOMaRBc7raomWUOqyRWJTnqVf/iscc2rLVLNMyt7ag=="
  "resolved" "https://registry.npmjs.org/@polkadot/wasm-crypto/-/wasm-crypto-6.4.1.tgz"
  "version" "6.4.1"
  dependencies:
    "@babel/runtime" "^7.20.6"
    "@polkadot/wasm-bridge" "6.4.1"
    "@polkadot/wasm-crypto-asmjs" "6.4.1"
    "@polkadot/wasm-crypto-init" "6.4.1"
    "@polkadot/wasm-crypto-wasm" "6.4.1"
    "@polkadot/wasm-util" "6.4.1"

"@polkadot/wasm-util@6.4.1":
  "integrity" "sha512-Uwo+WpEsDmFExWC5kTNvsVhvqXMZEKf4gUHXFn4c6Xz4lmieRT5g+1bO1KJ21pl4msuIgdV3Bksfs/oiqMFqlw=="
  "resolved" "https://registry.npmjs.org/@polkadot/wasm-util/-/wasm-util-6.4.1.tgz"
  "version" "6.4.1"
  dependencies:
    "@babel/runtime" "^7.20.6"

"@polkadot/x-bigint@^10.4.2", "@polkadot/x-bigint@10.4.2":
  "integrity" "sha512-awRiox+/XSReLzimAU94fPldowiwnnMUkQJe8AebYhNocAj6SJU00GNoj6j6tAho6yleOwrTJXZaWFBaQVJQNg=="
  "resolved" "https://registry.npmjs.org/@polkadot/x-bigint/-/x-bigint-10.4.2.tgz"
  "version" "10.4.2"
  dependencies:
    "@babel/runtime" "^7.20.13"
    "@polkadot/x-global" "10.4.2"

"@polkadot/x-fetch@^10.4.2":
  "integrity" "sha512-Ubb64yaM4qwhogNP+4mZ3ibRghEg5UuCYRMNaCFoPgNAY8tQXuDKrHzeks3+frlmeH9YRd89o8wXLtWouwZIcw=="
  "resolved" "https://registry.npmjs.org/@polkadot/x-fetch/-/x-fetch-10.4.2.tgz"
  "version" "10.4.2"
  dependencies:
    "@babel/runtime" "^7.20.13"
    "@polkadot/x-global" "10.4.2"
    "@types/node-fetch" "^2.6.2"
    "node-fetch" "^3.3.0"

"@polkadot/x-global@^10.4.2", "@polkadot/x-global@10.4.2":
  "integrity" "sha512-g6GXHD/ykZvHap3M6wh19dO70Zm43l4jEhlxf5LtTo5/0/UporFCXr2YJYZqfbn9JbQwl1AU+NroYio+vtJdiA=="
  "resolved" "https://registry.npmjs.org/@polkadot/x-global/-/x-global-10.4.2.tgz"
  "version" "10.4.2"
  dependencies:
    "@babel/runtime" "^7.20.13"

"@polkadot/x-randomvalues@*", "@polkadot/x-randomvalues@10.4.2":
  "integrity" "sha512-mf1Wbpe7pRZHO0V3V89isPLqZOy5XGX2bCqsfUWHgb1NvV1MMx5TjVjdaYyNlGTiOkAmJKlOHshcfPU2sYWpNg=="
  "resolved" "https://registry.npmjs.org/@polkadot/x-randomvalues/-/x-randomvalues-10.4.2.tgz"
  "version" "10.4.2"
  dependencies:
    "@babel/runtime" "^7.20.13"
    "@polkadot/x-global" "10.4.2"

"@polkadot/x-textdecoder@10.4.2":
  "integrity" "sha512-d3ADduOKUTU+cliz839+KCFmi23pxTlabH7qh7Vs1GZQvXOELWdqFOqakdiAjtMn68n1KVF4O14Y+OUm7gp/zA=="
  "resolved" "https://registry.npmjs.org/@polkadot/x-textdecoder/-/x-textdecoder-10.4.2.tgz"
  "version" "10.4.2"
  dependencies:
    "@babel/runtime" "^7.20.13"
    "@polkadot/x-global" "10.4.2"

"@polkadot/x-textencoder@10.4.2":
  "integrity" "sha512-mxcQuA1exnyv74Kasl5vxBq01QwckG088lYjc3KwmND6+pPrW2OWagbxFX5VFoDLDAE+UJtnUHsjdWyOTDhpQA=="
  "resolved" "https://registry.npmjs.org/@polkadot/x-textencoder/-/x-textencoder-10.4.2.tgz"
  "version" "10.4.2"
  dependencies:
    "@babel/runtime" "^7.20.13"
    "@polkadot/x-global" "10.4.2"

"@polkadot/x-ws@^10.4.2":
  "integrity" "sha512-3gHSTXAWQu1EMcMVTF5QDKHhEHzKxhAArweEyDXE7VsgKUP/ixxw4hVZBrkX122iI5l5mjSiooRSnp/Zl3xqDQ=="
  "resolved" "https://registry.npmjs.org/@polkadot/x-ws/-/x-ws-10.4.2.tgz"
  "version" "10.4.2"
  dependencies:
    "@babel/runtime" "^7.20.13"
    "@polkadot/x-global" "10.4.2"
    "@types/websocket" "^1.0.5"
    "websocket" "^1.0.34"

"@scure/base@1.1.1":
  "integrity" "sha512-ZxOhsSyxYwLJj3pLZCefNitxsj093tb2vq90mp2txoYeBqbcjDjqFhyM8eUjq/uFm6zJ+mUuqxlS2FkuSY1MTA=="
  "resolved" "https://registry.npmjs.org/@scure/base/-/base-1.1.1.tgz"
  "version" "1.1.1"

"@slack/types@^1.2.1":
  "integrity" "sha512-tA7GG7Tj479vojfV3AoxbckalA48aK6giGjNtgH6ihpLwTyHE3fIgRrvt8TWfLwW8X8dyu7vgmAsGLRG7hWWOg=="
  "resolved" "https://registry.npmjs.org/@slack/types/-/types-1.10.0.tgz"
  "version" "1.10.0"

"@slack/webhook@^6.1.0":
  "integrity" "sha512-7AYNISyAjn/lA/VDwZ307K5ft5DojXgBd3DRrGoFN8XxIwIyRALdFhxBiMgAqeJH8eWoktvNwLK24R9hREEqpA=="
  "resolved" "https://registry.npmjs.org/@slack/webhook/-/webhook-6.1.0.tgz"
  "version" "6.1.0"
  dependencies:
    "@slack/types" "^1.2.1"
    "@types/node" ">=12.0.0"
    "axios" "^0.21.4"

"@substrate/connect-extension-protocol@^1.0.1":
  "integrity" "sha512-161JhCC1csjH3GE5mPLEd7HbWtwNSPJBg3p1Ksz9SFlTzj/bgEwudiRN2y5i0MoLGCIJRYKyKGMxVnd29PzNjg=="
  "resolved" "https://registry.npmjs.org/@substrate/connect-extension-protocol/-/connect-extension-protocol-1.0.1.tgz"
  "version" "1.0.1"

"@substrate/connect@0.7.19":
  "integrity" "sha512-+DDRadc466gCmDU71sHrYOt1HcI2Cbhm7zdCFjZfFVHXhC/E8tOdrVSglAH2HDEHR0x2SiHRxtxOGC7ak2Zjog=="
  "resolved" "https://registry.npmjs.org/@substrate/connect/-/connect-0.7.19.tgz"
  "version" "0.7.19"
  dependencies:
    "@substrate/connect-extension-protocol" "^1.0.1"
    "@substrate/smoldot-light" "0.7.9"
    "eventemitter3" "^4.0.7"

"@substrate/smoldot-light@0.7.9":
  "integrity" "sha512-HP8iP7sFYlpSgjjbo0lqHyU+gu9lL2hbDNce6dWk5/10mFFF9jKIFGfui4zCecUY808o/Go9pan/31kMJoLbug=="
  "resolved" "https://registry.npmjs.org/@substrate/smoldot-light/-/smoldot-light-0.7.9.tgz"
  "version" "0.7.9"
  dependencies:
    "pako" "^2.0.4"
    "ws" "^8.8.1"

"@substrate/ss58-registry@^1.38.0":
  "integrity" "sha512-qZYpuE6n+mwew+X71dOur/CbMXj6rNW27o63JeJwdQH/GvcSKm3JLNhd+bGzwUKg0D/zD30Qc6p4JykArzM+tA=="
  "resolved" "https://registry.npmjs.org/@substrate/ss58-registry/-/ss58-registry-1.39.0.tgz"
  "version" "1.39.0"

"@types/bn.js@^5.1.1":
  "integrity" "sha512-qNrYbZqMx0uJAfKnKclPh+dTwK33KfLHYqtyODwd5HnXOjnkhc4qgn3BrK6RWyGZm5+sIFE7Q7Vz6QQtJB7w7g=="
  "resolved" "https://registry.npmjs.org/@types/bn.js/-/bn.js-5.1.1.tgz"
  "version" "5.1.1"
  dependencies:
    "@types/node" "*"

"@types/node-fetch@^2.6.2":
  "integrity" "sha512-DHqhlq5jeESLy19TYhLakJ07kNumXWjcDdxXsLUMJZ6ue8VZJj4kLPQVE/2mdHh3xZziNF1xppu5lwmS53HR+A=="
  "resolved" "https://registry.npmjs.org/@types/node-fetch/-/node-fetch-2.6.2.tgz"
  "version" "2.6.2"
  dependencies:
    "@types/node" "*"
    "form-data" "^3.0.0"

"@types/node@*", "@types/node@>=12.0.0":
  "integrity" "sha512-p6ua9zBxz5otCmbpb5D3U4B5Nanw6Pk3PPyX05xnxbB/fRv71N7CPmORg7uAD5P70T0xmx1pzAx/FUfa5X+3cw=="
  "resolved" "https://registry.npmjs.org/@types/node/-/node-18.15.3.tgz"
  "version" "18.15.3"

"@types/websocket@^1.0.5":
  "integrity" "sha512-NbsqiNX9CnEfC1Z0Vf4mE1SgAJ07JnRYcNex7AJ9zAVzmiGHmjKFEk7O4TJIsgv2B1sLEb6owKFZrACwdYngsQ=="
  "resolved" "https://registry.npmjs.org/@types/websocket/-/websocket-1.0.5.tgz"
  "version" "1.0.5"
  dependencies:
    "@types/node" "*"

"assert@^2.0.0":
  "integrity" "sha512-se5Cd+js9dXJnu6Ag2JFc00t+HmHOen+8Q+L7O9zI0PqQXr20uk2J0XQqMxZEeo5U50o8Nvmmx7dZrl+Ufr35A=="
  "resolved" "https://registry.npmjs.org/assert/-/assert-2.0.0.tgz"
  "version" "2.0.0"
  dependencies:
    "es6-object-assign" "^1.1.0"
    "is-nan" "^1.2.1"
    "object-is" "^1.0.1"
    "util" "^0.12.0"

"asynckit@^0.4.0":
  "integrity" "sha512-Oei9OH4tRh0YqU3GxhX79dM/mwVgvbZJaSNaRk+bshkj0S5cfHcgYakreBjrHwatXKbz+IoIdYLxrKim2MjW0Q=="
  "resolved" "https://registry.npmjs.org/asynckit/-/asynckit-0.4.0.tgz"
  "version" "0.4.0"

"available-typed-arrays@^1.0.5":
  "integrity" "sha512-DMD0KiN46eipeziST1LPP/STfDU0sufISXmjSgvVsoU2tqxctQeASejWcfNtxYKqETM1UxQ8sp2OrSBWpHY6sw=="
  "resolved" "https://registry.npmjs.org/available-typed-arrays/-/available-typed-arrays-1.0.5.tgz"
  "version" "1.0.5"

"axios@^0.21.4":
  "integrity" "sha512-ut5vewkiu8jjGBdqpM44XxjuCjq9LAKeHVmoVfHVzy8eHgxxq8SbAVQNovDA8mVi05kP0Ea/n/UzcSHcTJQfNg=="
  "resolved" "https://registry.npmjs.org/axios/-/axios-0.21.4.tgz"
  "version" "0.21.4"
  dependencies:
    "follow-redirects" "^1.14.0"

"bn.js@^5.2.1":
  "integrity" "sha512-eXRvHzWyYPBuB4NBy0cmYQjGitUrtqwbvlzP3G6VFnNRbsZQIxQ10PbKKHt8gZ/HW/D/747aDl+QkDqg3KQLMQ=="
  "resolved" "https://registry.npmjs.org/bn.js/-/bn.js-5.2.1.tgz"
  "version" "5.2.1"

"bufferutil@^4.0.1":
  "integrity" "sha512-kukuqc39WOHtdxtw4UScxF/WVnMFVSQVKhtx3AjZJzhd0RGZZldcrfSEbVsWWe6KNH253574cq5F+wpv0G9pJw=="
  "resolved" "https://registry.npmjs.org/bufferutil/-/bufferutil-4.0.7.tgz"
  "version" "4.0.7"
  dependencies:
    "node-gyp-build" "^4.3.0"

"call-bind@^1.0.0", "call-bind@^1.0.2":
  "integrity" "sha512-7O+FbCihrB5WGbFYesctwmTKae6rOiIzmz1icreWJ+0aA7LJfuqhEso2T9ncpcFtzMQtzXf2QGGueWJGTYsqrA=="
  "resolved" "https://registry.npmjs.org/call-bind/-/call-bind-1.0.2.tgz"
  "version" "1.0.2"
  dependencies:
    "function-bind" "^1.1.1"
    "get-intrinsic" "^1.0.2"

"combined-stream@^1.0.8":
  "integrity" "sha512-FQN4MRfuJeHf7cBbBMJFXhKSDq+2kAArBlmRBvcvFE5BB1HZKXtSFASDhdlz9zOYwxh8lDdnvmMOe/+5cdoEdg=="
  "resolved" "https://registry.npmjs.org/combined-stream/-/combined-stream-1.0.8.tgz"
  "version" "1.0.8"
  dependencies:
    "delayed-stream" "~1.0.0"

"d@^1.0.1", "d@1":
  "integrity" "sha512-m62ShEObQ39CfralilEQRjH6oAMtNCV1xJyEx5LpRYUVN+EviphDgUc/F3hnYbADmkiNs67Y+3ylmlG7Lnu+FA=="
  "resolved" "https://registry.npmjs.org/d/-/d-1.0.1.tgz"
  "version" "1.0.1"
  dependencies:
    "es5-ext" "^0.10.50"
    "type" "^1.0.1"

"data-uri-to-buffer@^4.0.0":
  "integrity" "sha512-0R9ikRb668HB7QDxT1vkpuUBtqc53YyAwMwGeUFKRojY/NWKvdZ+9UYtRfGmhqNbRkTSVpMbmyhXipFFv2cb/A=="
  "resolved" "https://registry.npmjs.org/data-uri-to-buffer/-/data-uri-to-buffer-4.0.1.tgz"
  "version" "4.0.1"

"debug@^2.2.0":
  "integrity" "sha512-bC7ElrdJaJnPbAP+1EotYvqZsb3ecl5wi6Bfi6BJTUcNowp6cvspg0jXznRTKDjm/E7AdgFBVeAPVMNcKGsHMA=="
  "resolved" "https://registry.npmjs.org/debug/-/debug-2.6.9.tgz"
  "version" "2.6.9"
  dependencies:
    "ms" "2.0.0"

"debug@^4.1.0":
  "integrity" "sha512-PRWFHuSU3eDtQJPvnNY7Jcket1j0t5OuOsFzPPzsekD52Zl8qUfFIPEiswXqIvHWGVHOgX+7G/vCNNhehwxfkQ=="
  "resolved" "https://registry.npmjs.org/debug/-/debug-4.3.4.tgz"
  "version" "4.3.4"
  dependencies:
    "ms" "2.1.2"

"define-properties@^1.1.3":
  "integrity" "sha512-xvqAVKGfT1+UAvPwKTVw/njhdQ8ZhXK4lI0bCIuCMrp2up9nPnaDftrLtmpTazqd1o+UY4zgzU+avtMbDP+ldA=="
  "resolved" "https://registry.npmjs.org/define-properties/-/define-properties-1.2.0.tgz"
  "version" "1.2.0"
  dependencies:
    "has-property-descriptors" "^1.0.0"
    "object-keys" "^1.1.1"

"delayed-stream@~1.0.0":
  "integrity" "sha512-ZySD7Nf91aLB0RxL4KGrKHBXl7Eds1DAmEdcoVawXnLD7SDhpNgtuII2aAkg7a7QS41jxPSZ17p4VdGnMHk3MQ=="
  "resolved" "https://registry.npmjs.org/delayed-stream/-/delayed-stream-1.0.0.tgz"
  "version" "1.0.0"

"dotenv@^16.0.3":
  "integrity" "sha512-7GO6HghkA5fYG9TYnNxi14/7K9f5occMlp3zXAuSxn7CKCxt9xbNWG7yF8hTCSUchlfWSe3uLmlPfigevRItzQ=="
  "resolved" "https://registry.npmjs.org/dotenv/-/dotenv-16.0.3.tgz"
  "version" "16.0.3"

"ed2curve@^0.3.0":
  "integrity" "sha512-8w2fmmq3hv9rCrcI7g9hms2pMunQr1JINfcjwR9tAyZqhtyaMN991lF/ZfHfr5tzZQ8c7y7aBgZbjfbd0fjFwQ=="
  "resolved" "https://registry.npmjs.org/ed2curve/-/ed2curve-0.3.0.tgz"
  "version" "0.3.0"
  dependencies:
    "tweetnacl" "1.x.x"

"es5-ext@^0.10.35", "es5-ext@^0.10.50":
  "integrity" "sha512-BHLqn0klhEpnOKSrzn/Xsz2UIW8j+cGmo9JLzr8BiUapV8hPL9+FliFqjwr9ngW7jWdnxv6eO+/LqyhJVqgrjA=="
  "resolved" "https://registry.npmjs.org/es5-ext/-/es5-ext-0.10.62.tgz"
  "version" "0.10.62"
  dependencies:
    "es6-iterator" "^2.0.3"
    "es6-symbol" "^3.1.3"
    "next-tick" "^1.1.0"

"es6-iterator@^2.0.3":
  "integrity" "sha512-zw4SRzoUkd+cl+ZoE15A9o1oQd920Bb0iOJMQkQhl3jNc03YqVjAhG7scf9C5KWRU/R13Orf588uCC6525o02g=="
  "resolved" "https://registry.npmjs.org/es6-iterator/-/es6-iterator-2.0.3.tgz"
  "version" "2.0.3"
  dependencies:
    "d" "1"
    "es5-ext" "^0.10.35"
    "es6-symbol" "^3.1.1"

"es6-object-assign@^1.1.0":
  "integrity" "sha512-MEl9uirslVwqQU369iHNWZXsI8yaZYGg/D65aOgZkeyFJwHYSxilf7rQzXKI7DdDuBPrBXbfk3sl9hJhmd5AUw=="
  "resolved" "https://registry.npmjs.org/es6-object-assign/-/es6-object-assign-1.1.0.tgz"
  "version" "1.1.0"

"es6-symbol@^3.1.1", "es6-symbol@^3.1.3":
  "integrity" "sha512-NJ6Yn3FuDinBaBRWl/q5X/s4koRHBrgKAu+yGI6JCBeiu3qrcbJhwT2GeR/EXVfylRk8dpQVJoLEFhK+Mu31NA=="
  "resolved" "https://registry.npmjs.org/es6-symbol/-/es6-symbol-3.1.3.tgz"
  "version" "3.1.3"
  dependencies:
    "d" "^1.0.1"
    "ext" "^1.1.2"

"eventemitter3@^4.0.7":
  "integrity" "sha512-8guHBZCwKnFhYdHr2ysuRWErTwhoN2X8XELRlrRwpmfeY2jjuUN4taQMsULKUVo1K4DvZl+0pgfyoysHxvmvEw=="
  "resolved" "https://registry.npmjs.org/eventemitter3/-/eventemitter3-4.0.7.tgz"
  "version" "4.0.7"

"eventemitter3@^5.0.0":
  "integrity" "sha512-riuVbElZZNXLeLEoprfNYoDSwTBRR44X3mnhdI1YcnENpWTCsTTVZ2zFuqQcpoyqPQIUXdiPEU0ECAq0KQRaHg=="
  "resolved" "https://registry.npmjs.org/eventemitter3/-/eventemitter3-5.0.0.tgz"
  "version" "5.0.0"

"ext@^1.1.2":
  "integrity" "sha512-6hxeJYaL110a9b5TEJSj0gojyHQAmA2ch5Os+ySCiA1QGdS697XWY1pzsrSjqA9LDEEgdB/KypIlR59RcLuHYw=="
  "resolved" "https://registry.npmjs.org/ext/-/ext-1.7.0.tgz"
  "version" "1.7.0"
  dependencies:
    "type" "^2.7.2"

"fetch-blob@^3.1.2", "fetch-blob@^3.1.4":
  "integrity" "sha512-7yAQpD2UMJzLi1Dqv7qFYnPbaPx7ZfFK6PiIxQ4PfkGPyNyl2Ugx+a/umUonmKqjhM4DnfbMvdX6otXq83soQQ=="
  "resolved" "https://registry.npmjs.org/fetch-blob/-/fetch-blob-3.2.0.tgz"
  "version" "3.2.0"
  dependencies:
    "node-domexception" "^1.0.0"
    "web-streams-polyfill" "^3.0.3"

"follow-redirects@^1.14.0":
  "integrity" "sha512-VQLG33o04KaQ8uYi2tVNbdrWp1QWxNNea+nmIB4EVM28v0hmP17z7aG1+wAkNzVq4KeXTq3221ye5qTJP91JwA=="
  "resolved" "https://registry.npmjs.org/follow-redirects/-/follow-redirects-1.15.2.tgz"
  "version" "1.15.2"

"for-each@^0.3.3":
  "integrity" "sha512-jqYfLp7mo9vIyQf8ykW2v7A+2N4QjeCeI5+Dz9XraiO1ign81wjiH7Fb9vSOWvQfNtmSa4H2RoQTrrXivdUZmw=="
  "resolved" "https://registry.npmjs.org/for-each/-/for-each-0.3.3.tgz"
  "version" "0.3.3"
  dependencies:
    "is-callable" "^1.1.3"

"form-data@^3.0.0":
  "integrity" "sha512-RHkBKtLWUVwd7SqRIvCZMEvAMoGUp0XU+seQiZejj0COz3RI3hWP4sCv3gZWWLjJTd7rGwcsF5eKZGii0r/hbg=="
  "resolved" "https://registry.npmjs.org/form-data/-/form-data-3.0.1.tgz"
  "version" "3.0.1"
  dependencies:
    "asynckit" "^0.4.0"
    "combined-stream" "^1.0.8"
    "mime-types" "^2.1.12"

"formdata-polyfill@^4.0.10":
  "integrity" "sha512-buewHzMvYL29jdeQTVILecSaZKnt/RJWjoZCF5OW60Z67/GmSLBkOFM7qh1PI3zFNtJbaZL5eQu1vLfazOwj4g=="
  "resolved" "https://registry.npmjs.org/formdata-polyfill/-/formdata-polyfill-4.0.10.tgz"
  "version" "4.0.10"
  dependencies:
    "fetch-blob" "^3.1.2"

"function-bind@^1.1.1":
  "integrity" "sha512-yIovAzMX49sF8Yl58fSCWJ5svSLuaibPxXQJFLmBObTuCr0Mf1KiPopGM9NiFjiYBCbfaa2Fh6breQ6ANVTI0A=="
  "resolved" "https://registry.npmjs.org/function-bind/-/function-bind-1.1.1.tgz"
  "version" "1.1.1"

"get-intrinsic@^1.0.2", "get-intrinsic@^1.1.1", "get-intrinsic@^1.1.3":
  "integrity" "sha512-L049y6nFOuom5wGyRc3/gdTLO94dySVKRACj1RmJZBQXlbTMhtNIgkWkUHq+jYmZvKf14EW1EoJnnjbmoHij0Q=="
  "resolved" "https://registry.npmjs.org/get-intrinsic/-/get-intrinsic-1.2.0.tgz"
  "version" "1.2.0"
  dependencies:
    "function-bind" "^1.1.1"
    "has" "^1.0.3"
    "has-symbols" "^1.0.3"

"gopd@^1.0.1":
  "integrity" "sha512-d65bNlIadxvpb/A2abVdlqKqV563juRnZ1Wtk6s1sIR8uNsXR70xqIzVqxVf1eTqDunwT2MkczEeaezCKTZhwA=="
  "resolved" "https://registry.npmjs.org/gopd/-/gopd-1.0.1.tgz"
  "version" "1.0.1"
  dependencies:
    "get-intrinsic" "^1.1.3"

"has-property-descriptors@^1.0.0":
  "integrity" "sha512-62DVLZGoiEBDHQyqG4w9xCuZ7eJEwNmJRWw2VY84Oedb7WFcA27fiEVe8oUQx9hAUJ4ekurquucTGwsyO1XGdQ=="
  "resolved" "https://registry.npmjs.org/has-property-descriptors/-/has-property-descriptors-1.0.0.tgz"
  "version" "1.0.0"
  dependencies:
    "get-intrinsic" "^1.1.1"

"has-symbols@^1.0.2", "has-symbols@^1.0.3":
  "integrity" "sha512-l3LCuF6MgDNwTDKkdYGEihYjt5pRPbEg46rtlmnSPlUbgmB8LOIrKJbYYFBSbnPaJexMKtiPO8hmeRjRz2Td+A=="
  "resolved" "https://registry.npmjs.org/has-symbols/-/has-symbols-1.0.3.tgz"
  "version" "1.0.3"

"has-tostringtag@^1.0.0":
  "integrity" "sha512-kFjcSNhnlGV1kyoGk7OXKSawH5JOb/LzUc5w9B02hOTO0dfFRjbHQKvg1d6cf3HbeUmtU9VbbV3qzZ2Teh97WQ=="
  "resolved" "https://registry.npmjs.org/has-tostringtag/-/has-tostringtag-1.0.0.tgz"
  "version" "1.0.0"
  dependencies:
    "has-symbols" "^1.0.2"

"has@^1.0.3":
  "integrity" "sha512-f2dvO0VU6Oej7RkWJGrehjbzMAjFp5/VKPp5tTpWIV4JHHZK1/BxbFRtf/siA2SWTe09caDmVtYYzWEIbBS4zw=="
  "resolved" "https://registry.npmjs.org/has/-/has-1.0.3.tgz"
  "version" "1.0.3"
  dependencies:
    "function-bind" "^1.1.1"

"inherits@^2.0.3":
  "integrity" "sha512-k/vGaX4/Yla3WzyMCvTQOXYeIHvqOKtnqBduzTHpzpQZzAskKMhZ2K+EnBiSM9zGSoIFeMpXKxa4dYeZIQqewQ=="
  "resolved" "https://registry.npmjs.org/inherits/-/inherits-2.0.4.tgz"
  "version" "2.0.4"

"is-arguments@^1.0.4":
  "integrity" "sha512-8Q7EARjzEnKpt/PCD7e1cgUS0a6X8u5tdSiMqXhojOdoV9TsMsiO+9VLC5vAmO8N7/GmXn7yjR8qnA6bVAEzfA=="
  "resolved" "https://registry.npmjs.org/is-arguments/-/is-arguments-1.1.1.tgz"
  "version" "1.1.1"
  dependencies:
    "call-bind" "^1.0.2"
    "has-tostringtag" "^1.0.0"

"is-callable@^1.1.3":
  "integrity" "sha512-1BC0BVFhS/p0qtw6enp8e+8OD0UrK0oFLztSjNzhcKA3WDuJxxAPXzPuPtKkjEY9UUoEWlX/8fgKeu2S8i9JTA=="
  "resolved" "https://registry.npmjs.org/is-callable/-/is-callable-1.2.7.tgz"
  "version" "1.2.7"

"is-generator-function@^1.0.7":
  "integrity" "sha512-jsEjy9l3yiXEQ+PsXdmBwEPcOxaXWLspKdplFUVI9vq1iZgIekeC0L167qeu86czQaxed3q/Uzuw0swL0irL8A=="
  "resolved" "https://registry.npmjs.org/is-generator-function/-/is-generator-function-1.0.10.tgz"
  "version" "1.0.10"
  dependencies:
    "has-tostringtag" "^1.0.0"

"is-nan@^1.2.1":
  "integrity" "sha512-E+zBKpQ2t6MEo1VsonYmluk9NxGrbzpeeLC2xIViuO2EjU2xsXsBPwTr3Ykv9l08UYEVEdWeRZNouaZqF6RN0w=="
  "resolved" "https://registry.npmjs.org/is-nan/-/is-nan-1.3.2.tgz"
  "version" "1.3.2"
  dependencies:
    "call-bind" "^1.0.0"
    "define-properties" "^1.1.3"

"is-typed-array@^1.1.10", "is-typed-array@^1.1.3":
  "integrity" "sha512-PJqgEHiWZvMpaFZ3uTc8kHPM4+4ADTlDniuQL7cU/UDA0Ql7F70yGfHph3cLNe+c9toaigv+DFzTJKhc2CtO6A=="
  "resolved" "https://registry.npmjs.org/is-typed-array/-/is-typed-array-1.1.10.tgz"
  "version" "1.1.10"
  dependencies:
    "available-typed-arrays" "^1.0.5"
    "call-bind" "^1.0.2"
    "for-each" "^0.3.3"
    "gopd" "^1.0.1"
    "has-tostringtag" "^1.0.0"

"is-typedarray@^1.0.0":
  "integrity" "sha512-cyA56iCMHAh5CdzjJIa4aohJyeO1YbwLi3Jc35MmRU6poroFjIGZzUzupGiRPOjgHg9TLu43xbpwXk523fMxKA=="
  "resolved" "https://registry.npmjs.org/is-typedarray/-/is-typedarray-1.0.0.tgz"
  "version" "1.0.0"

"json-stringify-safe@^5.0.1":
  "integrity" "sha512-ZClg6AaYvamvYEE82d3Iyd3vSSIjQ+odgjaTzRuO3s7toCdFKczob2i0zCh7JE8kWn17yvAWhUVxvqGwUalsRA=="
  "resolved" "https://registry.npmjs.org/json-stringify-safe/-/json-stringify-safe-5.0.1.tgz"
  "version" "5.0.1"

"lodash@^4.17.21":
  "integrity" "sha512-v2kDEe57lecTulaDIuNTPy3Ry4gLGJ6Z1O3vE1krgXZNrsQ+LFTGHVxVjcXPs17LhbZVGedAJv8XZ1tvj5FvSg=="
  "resolved" "https://registry.npmjs.org/lodash/-/lodash-4.17.21.tgz"
  "version" "4.17.21"

"mime-db@1.52.0":
  "integrity" "sha512-sPU4uV7dYlvtWJxwwxHD0PuihVNiE7TyAbQ5SWxDCB9mUYvOgroQOwYQQOKPJ8CIbE+1ETVlOoK1UC2nU3gYvg=="
  "resolved" "https://registry.npmjs.org/mime-db/-/mime-db-1.52.0.tgz"
  "version" "1.52.0"

"mime-types@^2.1.12":
  "integrity" "sha512-ZDY+bPm5zTTF+YpCrAU9nK0UgICYPT0QtT1NZWFv4s++TNkcgVaT0g6+4R2uI4MjQjzysHB1zxuWL50hzaeXiw=="
  "resolved" "https://registry.npmjs.org/mime-types/-/mime-types-2.1.35.tgz"
  "version" "2.1.35"
  dependencies:
    "mime-db" "1.52.0"

"mock-socket@^9.2.1":
  "integrity" "sha512-aw9F9T9G2zpGipLLhSNh6ZpgUyUl4frcVmRN08uE1NWPWg43Wx6+sGPDbQ7E5iFZZDJW5b5bypMeAEHqTbIFag=="
  "resolved" "https://registry.npmjs.org/mock-socket/-/mock-socket-9.2.1.tgz"
  "version" "9.2.1"

"ms@2.0.0":
  "integrity" "sha512-Tpp60P6IUJDTuOq/5Z8cdskzJujfwqfOTkrwIwj7IRISpnkJnT6SyJ4PCPnGMoFjC9ddhal5KVIYtAt97ix05A=="
  "resolved" "https://registry.npmjs.org/ms/-/ms-2.0.0.tgz"
  "version" "2.0.0"

"ms@2.1.2":
  "integrity" "sha512-sGkPx+VjMtmA6MX27oA4FBFELFCZZ4S4XqeGOXCv68tT+jb3vk/RyaKWP0PTKyWtmLSM0b+adUTEvbs1PEaH2w=="
  "resolved" "https://registry.npmjs.org/ms/-/ms-2.1.2.tgz"
  "version" "2.1.2"

"next-tick@^1.1.0":
  "integrity" "sha512-CXdUiJembsNjuToQvxayPZF9Vqht7hewsvy2sOWafLvi2awflj9mOC6bHIg50orX8IJvWKY9wYQ/zB2kogPslQ=="
  "resolved" "https://registry.npmjs.org/next-tick/-/next-tick-1.1.0.tgz"
  "version" "1.1.0"

"nock@^13.3.0":
  "integrity" "sha512-HHqYQ6mBeiMc+N038w8LkMpDCRquCHWeNmN3v6645P3NhN2+qXOBqvPqo7Rt1VyCMzKhJ733wZqw5B7cQVFNPg=="
  "resolved" "https://registry.npmjs.org/nock/-/nock-13.3.0.tgz"
  "version" "13.3.0"
  dependencies:
    "debug" "^4.1.0"
    "json-stringify-safe" "^5.0.1"
    "lodash" "^4.17.21"
    "propagate" "^2.0.0"

"node-domexception@^1.0.0":
  "integrity" "sha512-/jKZoMpw0F8GRwl4/eLROPA3cfcXtLApP0QzLmUT/HuPCZWyB7IY9ZrMeKw2O/nFIqPQB3PVM9aYm0F312AXDQ=="
  "resolved" "https://registry.npmjs.org/node-domexception/-/node-domexception-1.0.0.tgz"
  "version" "1.0.0"

"node-fetch@^3.3.0":
  "integrity" "sha512-cRVc/kyto/7E5shrWca1Wsea4y6tL9iYJE5FBCius3JQfb/4P4I295PfhgbJQBLTx6lATE4z+wK0rPM4VS2uow=="
  "resolved" "https://registry.npmjs.org/node-fetch/-/node-fetch-3.3.1.tgz"
  "version" "3.3.1"
  dependencies:
    "data-uri-to-buffer" "^4.0.0"
    "fetch-blob" "^3.1.4"
    "formdata-polyfill" "^4.0.10"

"node-gyp-build@^4.3.0":
  "integrity" "sha512-NTZVKn9IylLwUzaKjkas1e4u2DLNcV4rdYagA4PWdPwW87Bi7z+BznyKSRwS/761tV/lzCGXplWsiaMjLqP2zQ=="
  "resolved" "https://registry.npmjs.org/node-gyp-build/-/node-gyp-build-4.6.0.tgz"
  "version" "4.6.0"

"object-is@^1.0.1":
  "integrity" "sha512-3cyDsyHgtmi7I7DfSSI2LDp6SK2lwvtbg0p0R1e0RvTqF5ceGx+K2dfSjm1bKDMVCFEDAQvy+o8c6a7VujOddw=="
  "resolved" "https://registry.npmjs.org/object-is/-/object-is-1.1.5.tgz"
  "version" "1.1.5"
  dependencies:
    "call-bind" "^1.0.2"
    "define-properties" "^1.1.3"

"object-keys@^1.1.1":
  "integrity" "sha512-NuAESUOUMrlIXOfHKzD6bpPu3tYt3xvjNdRIQ+FeT0lNb4K8WR70CaDxhuNguS2XG+GjkyMwOzsN5ZktImfhLA=="
  "resolved" "https://registry.npmjs.org/object-keys/-/object-keys-1.1.1.tgz"
  "version" "1.1.1"

"pako@^2.0.4":
  "integrity" "sha512-w+eufiZ1WuJYgPXbV/PO3NCMEc3xqylkKHzp8bxp1uW4qaSNQUkwmLLEc3kKsfz8lpV1F8Ht3U1Cm+9Srog2ug=="
  "resolved" "https://registry.npmjs.org/pako/-/pako-2.1.0.tgz"
  "version" "2.1.0"

"propagate@^2.0.0":
  "integrity" "sha512-vGrhOavPSTz4QVNuBNdcNXePNdNMaO1xj9yBeH1ScQPjk/rhg9sSlCXPhMkFuaNNW/syTvYqsnbIJxMBfRbbag=="
  "resolved" "https://registry.npmjs.org/propagate/-/propagate-2.0.1.tgz"
  "version" "2.0.1"

"regenerator-runtime@^0.13.11":
  "integrity" "sha512-kY1AZVr2Ra+t+piVaJ4gxaFaReZVH40AKNo7UCX6W+dEwBo/2oZJzqfuN1qLq1oL45o56cPaTXELwrTh8Fpggg=="
  "resolved" "https://registry.npmjs.org/regenerator-runtime/-/regenerator-runtime-0.13.11.tgz"
  "version" "0.13.11"

"rxjs@^7.8.0":
  "integrity" "sha512-F2+gxDshqmIub1KdvZkaEfGDwLNpPvk9Fs6LD/MyQxNgMds/WH9OdDDXOmxUZpME+iSK3rQCctkL0DYyytUqMg=="
  "resolved" "https://registry.npmjs.org/rxjs/-/rxjs-7.8.0.tgz"
  "version" "7.8.0"
  dependencies:
    "tslib" "^2.1.0"

"tslib@^2.1.0":
  "integrity" "sha512-336iVw3rtn2BUK7ORdIAHTyxHGRIHVReokCR3XjbckJMK7ms8FysBfhLR8IXnAgy7T0PTPNBWKiH514FOW/WSg=="
  "resolved" "https://registry.npmjs.org/tslib/-/tslib-2.5.0.tgz"
  "version" "2.5.0"

"tweetnacl@^1.0.3", "tweetnacl@1.x.x":
  "integrity" "sha512-6rt+RN7aOi1nGMyC4Xa5DdYiukl2UWCbcJft7YhxReBGQD7OAM8Pbxw6YMo4r2diNEA8FEmu32YOn9rhaiE5yw=="
  "resolved" "https://registry.npmjs.org/tweetnacl/-/tweetnacl-1.0.3.tgz"
  "version" "1.0.3"

"type@^1.0.1":
  "integrity" "sha512-+5nt5AAniqsCnu2cEQQdpzCAh33kVx8n0VoFidKpB1dVVLAN/F+bgVOqOJqOnEnrhp222clB5p3vUlD+1QAnfg=="
  "resolved" "https://registry.npmjs.org/type/-/type-1.2.0.tgz"
  "version" "1.2.0"

"type@^2.7.2":
  "integrity" "sha512-dzlvlNlt6AXU7EBSfpAscydQ7gXB+pPGsPnfJnZpiNJBDj7IaJzQlBZYGdEi4R9HmPdBv2XmWJ6YUtoTa7lmCw=="
  "resolved" "https://registry.npmjs.org/type/-/type-2.7.2.tgz"
  "version" "2.7.2"

"typedarray-to-buffer@^3.1.5":
  "integrity" "sha512-zdu8XMNEDepKKR+XYOXAVPtWui0ly0NtohUscw+UmaHiAWT8hrV1rr//H6V+0DvJ3OQ19S979M0laLfX8rm82Q=="
  "resolved" "https://registry.npmjs.org/typedarray-to-buffer/-/typedarray-to-buffer-3.1.5.tgz"
  "version" "3.1.5"
  dependencies:
    "is-typedarray" "^1.0.0"

"utf-8-validate@^5.0.2", "utf-8-validate@>=5.0.2":
  "integrity" "sha512-Z6czzLq4u8fPOyx7TU6X3dvUZVvoJmxSQ+IcrlmagKhilxlhZgxPK6C5Jqbkw1IDUmFTM+cz9QDnnLTwDz/2gQ=="
  "resolved" "https://registry.npmjs.org/utf-8-validate/-/utf-8-validate-5.0.10.tgz"
  "version" "5.0.10"
  dependencies:
    "node-gyp-build" "^4.3.0"

"util@^0.12.0":
  "integrity" "sha512-kZf/K6hEIrWHI6XqOFUiiMa+79wE/D8Q+NCNAWclkyg3b4d2k7s0QGepNjiABc+aR3N1PAyHL7p6UcLY6LmrnA=="
  "resolved" "https://registry.npmjs.org/util/-/util-0.12.5.tgz"
  "version" "0.12.5"
  dependencies:
    "inherits" "^2.0.3"
    "is-arguments" "^1.0.4"
    "is-generator-function" "^1.0.7"
    "is-typed-array" "^1.1.3"
    "which-typed-array" "^1.1.2"

"web-streams-polyfill@^3.0.3":
  "integrity" "sha512-e0MO3wdXWKrLbL0DgGnUV7WHVuw9OUvL4hjgnPkIeEvESk74gAITi5G606JtZPp39cd8HA9VQzCIvA49LpPN5Q=="
  "resolved" "https://registry.npmjs.org/web-streams-polyfill/-/web-streams-polyfill-3.2.1.tgz"
  "version" "3.2.1"

"websocket@^1.0.34":
  "integrity" "sha512-PRDso2sGwF6kM75QykIesBijKSVceR6jL2G8NGYyq2XrItNC2P5/qL5XeR056GhA+Ly7JMFvJb9I312mJfmqnQ=="
  "resolved" "https://registry.npmjs.org/websocket/-/websocket-1.0.34.tgz"
  "version" "1.0.34"
  dependencies:
    "bufferutil" "^4.0.1"
    "debug" "^2.2.0"
    "es5-ext" "^0.10.50"
    "typedarray-to-buffer" "^3.1.5"
    "utf-8-validate" "^5.0.2"
    "yaeti" "^0.0.6"

"which-typed-array@^1.1.2":
  "integrity" "sha512-w9c4xkx6mPidwp7180ckYWfMmvxpjlZuIudNtDf4N/tTAUB8VJbX25qZoAsrtGuYNnGw3pa0AXgbGKRB8/EceA=="
  "resolved" "https://registry.npmjs.org/which-typed-array/-/which-typed-array-1.1.9.tgz"
  "version" "1.1.9"
  dependencies:
    "available-typed-arrays" "^1.0.5"
    "call-bind" "^1.0.2"
    "for-each" "^0.3.3"
    "gopd" "^1.0.1"
    "has-tostringtag" "^1.0.0"
    "is-typed-array" "^1.1.10"

"ws@^8.8.1":
  "integrity" "sha512-x9vcZYTrFPC7aSIbj7sRCYo7L/Xb8Iy+pW0ng0wt2vCJv7M9HOMy0UoN3rr+IFC7hb7vXoqS+P9ktyLLLhO+LA=="
  "resolved" "https://registry.npmjs.org/ws/-/ws-8.13.0.tgz"
  "version" "8.13.0"

"yaeti@^0.0.6":
  "integrity" "sha512-MvQa//+KcZCUkBTIC9blM+CU9J2GzuTytsOUwf2lidtvkx/6gnEp1QvJv34t9vdjhFmha/mUiNDbN0D0mJWdug=="
  "resolved" "https://registry.npmjs.org/yaeti/-/yaeti-0.0.6.tgz"
  "version" "0.0.6"
